
Microsoft Visual Studio Solution File, Format Version 12.00
# Visual Studio Version 17
VisualStudioVersion = 17.10.35013.160
MinimumVisualStudioVersion = 10.0.40219.1
Project("{FAE04EC0-301F-11D3-BF4B-00C04F79EFBC}") = "DotNet_Producer", "DotNet_Producer.csproj", "{E559758E-38FB-4F81-B405-E19288C2C3AD}"
EndProject
Global
	GlobalSection(SolutionConfigurationPlatforms) = preSolution
		Debug|Any CPU = Debug|Any CPU
		Release|Any CPU = Release|Any CPU
	EndGlobalSection
	GlobalSection(ProjectConfigurationPlatforms) = postSolution
		{E559758E-38FB-4F81-B405-E19288C2C3AD}.Debug|Any CPU.ActiveCfg = Debug|Any CPU
		{E559758E-38FB-4F81-B405-E19288C2C3AD}.Debug|Any CPU.Build.0 = Debug|Any CPU
		{E559758E-38FB-4F81-B405-E19288C2C3AD}.Release|Any CPU.ActiveCfg = Release|Any CPU
		{E559758E-38FB-4F81-B405-E19288C2C3AD}.Release|Any CPU.Build.0 = Release|Any CPU
	EndGlobalSection
	GlobalSection(SolutionProperties) = preSolution
		HideSolutionNode = FALSE
	EndGlobalSection
	GlobalSection(ExtensibilityGlobals) = postSolution
		SolutionGuid = {0C06E7D1-D2FB-44CB-B2CD-AC13D10E0F7E}
	EndGlobalSection
EndGlobal
